
Microsoft Visual Studio Solution File, Format Version 12.00
# Visual Studio Version 17
VisualStudioVersion = 17.10.35122.118
MinimumVisualStudioVersion = 10.0.40219.1
Project("{9A19103F-16F7-4668-BE54-9A1E7A4F7556}") = "UnicomTICManagementSystem", "UnicomTICManagementSystem\UnicomTICManagementSystem.csproj", "{18F4C67B-14DC-4BEC-9B8F-2988A84086FF}"
EndProject
Project("{2150E333-8FDC-42A3-9474-1A3956D46DE8}") = "Solution Items", "Solution Items", "{2247704B-DF9D-4384-A242-6904CBF591FC}"
	ProjectSection(SolutionItems) = preProject
		README.md = README.md
	EndProjectSection
EndProject
Global
	GlobalSection(SolutionConfigurationPlatforms) = preSolution
		Debug|Any CPU = Debug|Any CPU
		Release|Any CPU = Release|Any CPU
	EndGlobalSection
	GlobalSection(ProjectConfigurationPlatforms) = postSolution
		{18F4C67B-14DC-4BEC-9B8F-2988A84086FF}.Debug|Any CPU.ActiveCfg = Debug|Any CPU
		{18F4C67B-14DC-4BEC-9B8F-2988A84086FF}.Debug|Any CPU.Build.0 = Debug|Any CPU
		{18F4C67B-14DC-4BEC-9B8F-2988A84086FF}.Release|Any CPU.ActiveCfg = Release|Any CPU
		{18F4C67B-14DC-4BEC-9B8F-2988A84086FF}.Release|Any CPU.Build.0 = Release|Any CPU
	EndGlobalSection
	GlobalSection(SolutionProperties) = preSolution
		HideSolutionNode = FALSE
	EndGlobalSection
	GlobalSection(ExtensibilityGlobals) = postSolution
		SolutionGuid = {14131B20-A558-40B8-9EDD-BFABB919035B}
	EndGlobalSection
EndGlobal
